// !$*UTF8*$!
{
	archiveVersion = 1;
	classes = {
	};
	objectVersion = 46;
	objects = {

/* Begin PBXBuildFile section */
		D94A8B04153D59F700838812 /* UIKit.framework in Frameworks */ = {isa = PBXBuildFile; fileRef = D94A8B03153D59F700838812 /* UIKit.framework */; };
		D94A8B06153D59F700838812 /* Foundation.framework in Frameworks */ = {isa = PBXBuildFile; fileRef = D94A8B05153D59F700838812 /* Foundation.framework */; };
		D94A8B08153D59F700838812 /* CoreGraphics.framework in Frameworks */ = {isa = PBXBuildFile; fileRef = D94A8B07153D59F700838812 /* CoreGraphics.framework */; };
		D94A8B0E153D59F700838812 /* InfoPlist.strings in Resources */ = {isa = PBXBuildFile; fileRef = D94A8B0C153D59F700838812 /* InfoPlist.strings */; };
		D94A8B10153D59F700838812 /* main.m in Sources */ = {isa = PBXBuildFile; fileRef = D94A8B0F153D59F700838812 /* main.m */; };
		D94A8B14153D59F700838812 /* AppDelegate.m in Sources */ = {isa = PBXBuildFile; fileRef = D94A8B13153D59F700838812 /* AppDelegate.m */; };
		D94A8B17153D59F700838812 /* MainStoryboard.storyboard in Resources */ = {isa = PBXBuildFile; fileRef = D94A8B15153D59F700838812 /* MainStoryboard.storyboard */; };
		D94A8B1A153D59F700838812 /* ViewController.m in Sources */ = {isa = PBXBuildFile; fileRef = D94A8B19153D59F700838812 /* ViewController.m */; };
		D94A8B2E153D5E8D00838812 /* ScrollViewController.m in Sources */ = {isa = PBXBuildFile; fileRef = D94A8B2D153D5E8D00838812 /* ScrollViewController.m */; };
/* End PBXBuildFile section */

/* Begin PBXFileReference section */
		D94A8AFF153D59F700838812 /* ScrollSample.app */ = {isa = PBXFileReference; explicitFileType = wrapper.application; includeInIndex = 0; path = ScrollSample.app; sourceTree = BUILT_PRODUCTS_DIR; };
		D94A8B03153D59F700838812 /* UIKit.framework */ = {isa = PBXFileReference; lastKnownFileType = wrapper.framework; name = UIKit.framework; path = System/Library/Frameworks/UIKit.framework; sourceTree = SDKROOT; };
		D94A8B05153D59F700838812 /* Foundation.framework */ = {isa = PBXFileReference; lastKnownFileType = wrapper.framework; name = Foundation.framework; path = System/Library/Frameworks/Foundation.framework; sourceTree = SDKROOT; };
		D94A8B07153D59F700838812 /* CoreGraphics.framework */ = {isa = PBXFileReference; lastKnownFileType = wrapper.framework; name = CoreGraphics.framework; path = System/Library/Frameworks/CoreGraphics.framework; sourceTree = SDKROOT; };
		D94A8B0B153D59F700838812 /* ScrollSample-Info.plist */ = {isa = PBXFileReference; lastKnownFileType = text.plist.xml; path = "ScrollSample-Info.plist"; sourceTree = "<group>"; };
		D94A8B0D153D59F700838812 /* en */ = {isa = PBXFileReference; lastKnownFileType = text.plist.strings; name = en; path = en.lproj/InfoPlist.strings; sourceTree = "<group>"; };
		D94A8B0F153D59F700838812 /* main.m */ = {isa = PBXFileReference; lastKnownFileType = sourcecode.c.objc; lineEnding = 0; path = main.m; sourceTree = "<group>"; xcLanguageSpecificationIdentifier = xcode.lang.objc; };
		D94A8B11153D59F700838812 /* ScrollSample-Prefix.pch */ = {isa = PBXFileReference; lastKnownFileType = sourcecode.c.h; path = "ScrollSample-Prefix.pch"; sourceTree = "<group>"; };
		D94A8B12153D59F700838812 /* AppDelegate.h */ = {isa = PBXFileReference; lastKnownFileType = sourcecode.c.h; lineEnding = 0; path = AppDelegate.h; sourceTree = "<group>"; xcLanguageSpecificationIdentifier = xcode.lang.objcpp; };
		D94A8B13153D59F700838812 /* AppDelegate.m */ = {isa = PBXFileReference; lastKnownFileType = sourcecode.c.objc; lineEnding = 0; path = AppDelegate.m; sourceTree = "<group>"; xcLanguageSpecificationIdentifier = xcode.lang.objc; };
		D94A8B16153D59F700838812 /* en */ = {isa = PBXFileReference; lastKnownFileType = file.storyboard; name = en; path = en.lproj/MainStoryboard.storyboard; sourceTree = "<group>"; };
		D94A8B18153D59F700838812 /* ViewController.h */ = {isa = PBXFileReference; lastKnownFileType = sourcecode.c.h; lineEnding = 0; path = ViewController.h; sourceTree = "<group>"; xcLanguageSpecificationIdentifier = xcode.lang.objcpp; };
		D94A8B19153D59F700838812 /* ViewController.m */ = {isa = PBXFileReference; lastKnownFileType = sourcecode.c.objc; lineEnding = 0; path = ViewController.m; sourceTree = "<group>"; xcLanguageSpecificationIdentifier = xcode.lang.objc; };
		D94A8B2C153D5E8D00838812 /* ScrollViewController.h */ = {isa = PBXFileReference; fileEncoding = 4; lastKnownFileType = sourcecode.c.h; path = ScrollViewController.h; sourceTree = "<group>"; };
		D94A8B2D153D5E8D00838812 /* ScrollViewController.m */ = {isa = PBXFileReference; fileEncoding = 4; lastKnownFileType = sourcecode.c.objc; path = ScrollViewController.m; sourceTree = "<group>"; };
/* End PBXFileReference section */

/* Begin PBXFrameworksBuildPhase section */
		D94A8AFC153D59F700838812 /* Frameworks */ = {
			isa = PBXFrameworksBuildPhase;
			buildActionMask = 2147483647;
			files = (
				D94A8B04153D59F700838812 /* UIKit.framework in Frameworks */,
				D94A8B06153D59F700838812 /* Foundation.framework in Frameworks */,
				D94A8B08153D59F700838812 /* CoreGraphics.framework in Frameworks */,
			);
			runOnlyForDeploymentPostprocessing = 0;
		};
/* End PBXFrameworksBuildPhase section */

/* Begin PBXGroup section */
		D94A8AF4153D59F700838812 = {
			isa = PBXGroup;
			children = (
				D94A8B09153D59F700838812 /* ScrollSample */,
				D94A8B02153D59F700838812 /* Frameworks */,
				D94A8B00153D59F700838812 /* Products */,
			);
			sourceTree = "<group>";
		};
		D94A8B00153D59F700838812 /* Products */ = {
			isa = PBXGroup;
			children = (
				D94A8AFF153D59F700838812 /* ScrollSample.app */,
			);
			name = Products;
			sourceTree = "<group>";
		};
		D94A8B02153D59F700838812 /* Frameworks */ = {
			isa = PBXGroup;
			children = (
				D94A8B03153D59F700838812 /* UIKit.framework */,
				D94A8B05153D59F700838812 /* Foundation.framework */,
				D94A8B07153D59F700838812 /* CoreGraphics.framework */,
			);
			name = Frameworks;
			sourceTree = "<group>";
		};
		D94A8B09153D59F700838812 /* ScrollSample */ = {
			isa = PBXGroup;
			children = (
				D94A8B12153D59F700838812 /* AppDelegate.h */,
				D94A8B13153D59F700838812 /* AppDelegate.m */,
				D94A8B15153D59F700838812 /* MainStoryboard.storyboard */,
				D94A8B18153D59F700838812 /* ViewController.h */,
				D94A8B19153D59F700838812 /* ViewController.m */,
				D94A8B2C153D5E8D00838812 /* ScrollViewController.h */,
				D94A8B2D153D5E8D00838812 /* ScrollViewController.m */,
				D94A8B0A153D59F700838812 /* Supporting Files */,
			);
			path = ScrollSample;
			sourceTree = "<group>";
		};
		D94A8B0A153D59F700838812 /* Supporting Files */ = {
			isa = PBXGroup;
			children = (
				D94A8B0B153D59F700838812 /* ScrollSample-Info.plist */,
				D94A8B0C153D59F700838812 /* InfoPlist.strings */,
				D94A8B0F153D59F700838812 /* main.m */,
				D94A8B11153D59F700838812 /* ScrollSample-Prefix.pch */,
			);
			name = "Supporting Files";
			sourceTree = "<group>";
		};
/* End PBXGroup section */

/* Begin PBXNativeTarget section */
		D94A8AFE153D59F700838812 /* ScrollSample */ = {
			isa = PBXNativeTarget;
			buildConfigurationList = D94A8B1D153D59F700838812 /* Build configuration list for PBXNativeTarget "ScrollSample" */;
			buildPhases = (
				D94A8AFB153D59F700838812 /* Sources */,
				D94A8AFC153D59F700838812 /* Frameworks */,
				D94A8AFD153D59F700838812 /* Resources */,
			);
			buildRules = (
			);
			dependencies = (
			);
			name = ScrollSample;
			productName = ScrollSample;
			productReference = D94A8AFF153D59F700838812 /* ScrollSample.app */;
			productType = "com.apple.product-type.application";
		};
/* End PBXNativeTarget section */

/* Begin PBXProject section */
		D94A8AF6153D59F700838812 /* Project object */ = {
			isa = PBXProject;
			attributes = {
				LastUpgradeCheck = 0430;
				ORGANIZATIONNAME = "aguuu Inc.";
			};
			buildConfigurationList = D94A8AF9153D59F700838812 /* Build configuration list for PBXProject "ScrollSample" */;
			compatibilityVersion = "Xcode 3.2";
			developmentRegion = English;
			hasScannedForEncodings = 0;
			knownRegions = (
				en,
			);
			mainGroup = D94A8AF4153D59F700838812;
			productRefGroup = D94A8B00153D59F700838812 /* Products */;
			projectDirPath = "";
			projectRoot = "";
			targets = (
				D94A8AFE153D59F700838812 /* ScrollSample */,
			);
		};
/* End PBXProject section */

/* Begin PBXResourcesBuildPhase section */
		D94A8AFD153D59F700838812 /* Resources */ = {
			isa = PBXResourcesBuildPhase;
			buildActionMask = 2147483647;
			files = (
				D94A8B0E153D59F700838812 /* InfoPlist.strings in Resources */,
				D94A8B17153D59F700838812 /* MainStoryboard.storyboard in Resources */,
			);
			runOnlyForDeploymentPostprocessing = 0;
		};
/* End PBXResourcesBuildPhase section */

/* Begin PBXSourcesBuildPhase section */
		D94A8AFB153D59F700838812 /* Sources */ = {
			isa = PBXSourcesBuildPhase;
			buildActionMask = 2147483647;
			files = (
				D94A8B10153D59F700838812 /* main.m in Sources */,
				D94A8B14153D59F700838812 /* AppDelegate.m in Sources */,
				D94A8B1A153D59F700838812 /* ViewController.m in Sources */,
				D94A8B2E153D5E8D00838812 /* ScrollViewController.m in Sources */,
			);
			runOnlyForDeploymentPostprocessing = 0;
		};
/* End PBXSourcesBuildPhase section */

/* Begin PBXVariantGroup section */
		D94A8B0C153D59F700838812 /* InfoPlist.strings */ = {
			isa = PBXVariantGroup;
			children = (
				D94A8B0D153D59F700838812 /* en */,
			);
			name = InfoPlist.strings;
			sourceTree = "<group>";
		};
		D94A8B15153D59F700838812 /* MainStoryboard.storyboard */ = {
			isa = PBXVariantGroup;
			children = (
				D94A8B16153D59F700838812 /* en */,
			);
			name = MainStoryboard.storyboard;
			sourceTree = "<group>";
		};
/* End PBXVariantGroup section */

/* Begin XCBuildConfiguration section */
		D94A8B1B153D59F700838812 /* Debug */ = {
			isa = XCBuildConfiguration;
			buildSettings = {
				ALWAYS_SEARCH_USER_PATHS = NO;
				ARCHS = "$(ARCHS_STANDARD_32_BIT)";
				CLANG_ENABLE_OBJC_ARC = YES;
				"CODE_SIGN_IDENTITY[sdk=iphoneos*]" = "iPhone Developer";
				COPY_PHASE_STRIP = NO;
				GCC_C_LANGUAGE_STANDARD = gnu99;
				GCC_DYNAMIC_NO_PIC = NO;
				GCC_OPTIMIZATION_LEVEL = 0;
				GCC_PREPROCESSOR_DEFINITIONS = (
					"DEBUG=1",
					"$(inherited)",
				);
				GCC_SYMBOLS_PRIVATE_EXTERN = NO;
				GCC_VERSION = com.apple.compilers.llvm.clang.1_0;
				GCC_WARN_ABOUT_RETURN_TYPE = YES;
				GCC_WARN_UNINITIALIZED_AUTOS = YES;
				GCC_WARN_UNUSED_VARIABLE = YES;
				IPHONEOS_DEPLOYMENT_TARGET = 5.1;
				SDKROOT = iphoneos;
			};
			name = Debug;
		};
		D94A8B1C153D59F700838812 /* Release */ = {
			isa = XCBuildConfiguration;
			buildSettings = {
				ALWAYS_SEARCH_USER_PATHS = NO;
				ARCHS = "$(ARCHS_STANDARD_32_BIT)";
				CLANG_ENABLE_OBJC_ARC = YES;
				"CODE_SIGN_IDENTITY[sdk=iphoneos*]" = "iPhone Developer";
				COPY_PHASE_STRIP = YES;
				GCC_C_LANGUAGE_STANDARD = gnu99;
				GCC_VERSION = com.apple.compilers.llvm.clang.1_0;
				GCC_WARN_ABOUT_RETURN_TYPE = YES;
				GCC_WARN_UNINITIALIZED_AUTOS = YES;
				GCC_WARN_UNUSED_VARIABLE = YES;
				IPHONEOS_DEPLOYMENT_TARGET = 5.1;
				OTHER_CFLAGS = "-DNS_BLOCK_ASSERTIONS=1";
				SDKROOT = iphoneos;
				VALIDATE_PRODUCT = YES;
			};
			name = Release;
		};
		D94A8B1E153D59F700838812 /* Debug */ = {
			isa = XCBuildConfiguration;
			buildSettings = {
				GCC_PRECOMPILE_PREFIX_HEADER = YES;
				GCC_PREFIX_HEADER = "ScrollSample/ScrollSample-Prefix.pch";
				INFOPLIST_FILE = "ScrollSample/ScrollSample-Info.plist";
				PRODUCT_NAME = "$(TARGET_NAME)";
				WRAPPER_EXTENSION = app;
			};
			name = Debug;
		};
		D94A8B1F153D59F700838812 /* Release */ = {
			isa = XCBuildConfiguration;
			buildSettings = {
				GCC_PRECOMPILE_PREFIX_HEADER = YES;
				GCC_PREFIX_HEADER = "ScrollSample/ScrollSample-Prefix.pch";
				INFOPLIST_FILE = "ScrollSample/ScrollSample-Info.plist";
				PRODUCT_NAME = "$(TARGET_NAME)";
				WRAPPER_EXTENSION = app;
			};
			name = Release;
		};
/* End XCBuildConfiguration section */

/* Begin XCConfigurationList section */
		D94A8AF9153D59F700838812 /* Build configuration list for PBXProject "ScrollSample" */ = {
			isa = XCConfigurationList;
			buildConfigurations = (
				D94A8B1B153D59F700838812 /* Debug */,
				D94A8B1C153D59F700838812 /* Release */,
			);
			defaultConfigurationIsVisible = 0;
			defaultConfigurationName = Release;
		};
		D94A8B1D153D59F700838812 /* Build configuration list for PBXNativeTarget "ScrollSample" */ = {
			isa = XCConfigurationList;
			buildConfigurations = (
				D94A8B1E153D59F700838812 /* Debug */,
				D94A8B1F153D59F700838812 /* Release */,
			);
			defaultConfigurationIsVisible = 0;
		};
/* End XCConfigurationList section */
	};
	rootObject = D94A8AF6153D59F700838812 /* Project object */;
}
